
Microsoft Visual Studio Solution File, Format Version 12.00
# Visual Studio Version 16
VisualStudioVersion = 16.0.29609.76
MinimumVisualStudioVersion = 10.0.40219.1
Project("{9A19103F-16F7-4668-BE54-9A1E7A4F7556}") = "Blog_Common", "Blog_Common\Blog_Common.csproj", "{AF348093-E13E-4471-A046-6D8DA8375379}"
EndProject
Project("{FAE04EC0-301F-11D3-BF4B-00C04F79EFBC}") = "ZemogaBlog_DataAccess", "ZemogaBlog_DataAccess\ZemogaBlog_DataAccess.csproj", "{B1043362-50E4-4921-AC3D-B4DC28A7CA75}"
EndProject
Project("{FAE04EC0-301F-11D3-BF4B-00C04F79EFBC}") = "ZemogaBlog_Repositories", "ZemogaRepositories\ZemogaBlog_Repositories.csproj", "{2E355568-0353-4C2E-B574-8D414267857B}"
EndProject
Project("{FAE04EC0-301F-11D3-BF4B-00C04F79EFBC}") = "ZemogaBlog_BusinessLogic", "ZemogaBlog_BusinessLogic\ZemogaBlog_BusinessLogic.csproj", "{D0A3A6F3-1BD8-4FEC-A249-6115E0703F4E}"
EndProject
Project("{FAE04EC0-301F-11D3-BF4B-00C04F79EFBC}") = "ZemogaBlog_MVC", "ZemogaBlog_MVC\ZemogaBlog_MVC.csproj", "{5C710D47-ABDE-4FB7-A76B-55762F375FD7}"
EndProject
Global
	GlobalSection(SolutionConfigurationPlatforms) = preSolution
		Debug|Any CPU = Debug|Any CPU
		Release|Any CPU = Release|Any CPU
	EndGlobalSection
	GlobalSection(ProjectConfigurationPlatforms) = postSolution
		{AF348093-E13E-4471-A046-6D8DA8375379}.Debug|Any CPU.ActiveCfg = Debug|Any CPU
		{AF348093-E13E-4471-A046-6D8DA8375379}.Debug|Any CPU.Build.0 = Debug|Any CPU
		{AF348093-E13E-4471-A046-6D8DA8375379}.Release|Any CPU.ActiveCfg = Release|Any CPU
		{AF348093-E13E-4471-A046-6D8DA8375379}.Release|Any CPU.Build.0 = Release|Any CPU
		{B1043362-50E4-4921-AC3D-B4DC28A7CA75}.Debug|Any CPU.ActiveCfg = Debug|Any CPU
		{B1043362-50E4-4921-AC3D-B4DC28A7CA75}.Debug|Any CPU.Build.0 = Debug|Any CPU
		{B1043362-50E4-4921-AC3D-B4DC28A7CA75}.Release|Any CPU.ActiveCfg = Release|Any CPU
		{B1043362-50E4-4921-AC3D-B4DC28A7CA75}.Release|Any CPU.Build.0 = Release|Any CPU
		{2E355568-0353-4C2E-B574-8D414267857B}.Debug|Any CPU.ActiveCfg = Debug|Any CPU
		{2E355568-0353-4C2E-B574-8D414267857B}.Debug|Any CPU.Build.0 = Debug|Any CPU
		{2E355568-0353-4C2E-B574-8D414267857B}.Release|Any CPU.ActiveCfg = Release|Any CPU
		{2E355568-0353-4C2E-B574-8D414267857B}.Release|Any CPU.Build.0 = Release|Any CPU
		{D0A3A6F3-1BD8-4FEC-A249-6115E0703F4E}.Debug|Any CPU.ActiveCfg = Debug|Any CPU
		{D0A3A6F3-1BD8-4FEC-A249-6115E0703F4E}.Debug|Any CPU.Build.0 = Debug|Any CPU
		{D0A3A6F3-1BD8-4FEC-A249-6115E0703F4E}.Release|Any CPU.ActiveCfg = Release|Any CPU
		{D0A3A6F3-1BD8-4FEC-A249-6115E0703F4E}.Release|Any CPU.Build.0 = Release|Any CPU
		{5C710D47-ABDE-4FB7-A76B-55762F375FD7}.Debug|Any CPU.ActiveCfg = Debug|Any CPU
		{5C710D47-ABDE-4FB7-A76B-55762F375FD7}.Debug|Any CPU.Build.0 = Debug|Any CPU
		{5C710D47-ABDE-4FB7-A76B-55762F375FD7}.Release|Any CPU.ActiveCfg = Release|Any CPU
		{5C710D47-ABDE-4FB7-A76B-55762F375FD7}.Release|Any CPU.Build.0 = Release|Any CPU
	EndGlobalSection
	GlobalSection(SolutionProperties) = preSolution
		HideSolutionNode = FALSE
	EndGlobalSection
	GlobalSection(ExtensibilityGlobals) = postSolution
		SolutionGuid = {D950CA63-14CD-4707-8819-341A8A807B32}
	EndGlobalSection
EndGlobal
